{
  "name": "@freon-plugins/user-agent",
  "version": "1.0.0",
  "lockfileVersion": 1,
  "requires": true,
  "dependencies": {
    "ua-parser-js": {
      "version": "0.7.14",
      "resolved": "https://registry.npmjs.org/ua-parser-js/-/ua-parser-js-0.7.14.tgz",
      "integrity": "sha1-EQ1T+kw/MmwSEpK76skE0uAzh8o="
    }
  }
}
